{
  "originHash" : "f62ea7f8e75ee54a948ada290be2acde437d6efdb9bdea12a39b31f27be91a3b",
  "pins" : [
    {
      "identity" : "fluidaudio",
      "kind" : "remoteSourceControl",
      "location" : "https://github.com/FluidInference/FluidAudio.git",
      "state" : {
        "revision" : "0b1f46289fe27d95b5e66ad8be46e64f5ee02ae7",
        "version" : "0.17.5"
      }
    }
  ],
  "version" : 3
}
